
Microsoft Visual Studio Solution File, Format Version 11.00
# Visual Studio 2010
Project("{FAE04EC0-301F-11D3-BF4B-00C04F79EFBC}") = "Assembly-CSharp", "Assembly-CSharp.csproj", "{035ac3c7-86b7-bf30-cacc-c0e7f27532d4}"
EndProject
Project("{FAE04EC0-301F-11D3-BF4B-00C04F79EFBC}") = "Unity.UniversalToonShader.Urp.Editor", "Unity.UniversalToonShader.Urp.Editor.csproj", "{2d99f3d0-5761-2dae-730f-ea5546422318}"
EndProject
Global
	GlobalSection(SolutionConfigurationPlatforms) = preSolution
		Debug|Any CPU = Debug|Any CPU
	EndGlobalSection
	GlobalSection(ProjectConfigurationPlatforms) = postSolution
		{035ac3c7-86b7-bf30-cacc-c0e7f27532d4}.Debug|Any CPU.ActiveCfg = Debug|Any CPU
		{035ac3c7-86b7-bf30-cacc-c0e7f27532d4}.Debug|Any CPU.Build.0 = Debug|Any CPU
		{2d99f3d0-5761-2dae-730f-ea5546422318}.Debug|Any CPU.ActiveCfg = Debug|Any CPU
		{2d99f3d0-5761-2dae-730f-ea5546422318}.Debug|Any CPU.Build.0 = Debug|Any CPU
	EndGlobalSection
	GlobalSection(SolutionProperties) = preSolution
		HideSolutionNode = FALSE
	EndGlobalSection
EndGlobal
