
Microsoft Visual Studio Solution File, Format Version 11.00
# Visual Studio 2010
Project("{FAE04EC0-301F-11D3-BF4B-00C04F79EFBC}") = "Assembly-CSharp", "Assembly-CSharp.csproj", "{f0066c37-dde3-efff-4c96-e574bd5354f5}"
EndProject
Project("{FAE04EC0-301F-11D3-BF4B-00C04F79EFBC}") = "Unity.UniversalToonShader.Urp.Editor", "Unity.UniversalToonShader.Urp.Editor.csproj", "{0895d5e7-8b68-6c94-1c89-0e45f685818c}"
EndProject
Global
	GlobalSection(SolutionConfigurationPlatforms) = preSolution
		Debug|Any CPU = Debug|Any CPU
	EndGlobalSection
	GlobalSection(ProjectConfigurationPlatforms) = postSolution
		{f0066c37-dde3-efff-4c96-e574bd5354f5}.Debug|Any CPU.ActiveCfg = Debug|Any CPU
		{f0066c37-dde3-efff-4c96-e574bd5354f5}.Debug|Any CPU.Build.0 = Debug|Any CPU
		{0895d5e7-8b68-6c94-1c89-0e45f685818c}.Debug|Any CPU.ActiveCfg = Debug|Any CPU
		{0895d5e7-8b68-6c94-1c89-0e45f685818c}.Debug|Any CPU.Build.0 = Debug|Any CPU
	EndGlobalSection
	GlobalSection(SolutionProperties) = preSolution
		HideSolutionNode = FALSE
	EndGlobalSection
EndGlobal
